hash: b703af15c88020b843c51455b58c9101901647944e0904f84ffdcd4879d6f62c
updated: 2017-04-29T17:33:03.953699897-05:00
imports:
- name: github.com/go-resty/resty
  version: d2d648a0b7d7162b7a61fae90e63a1c4a9a60601
- name: github.com/pressly/chi
  version: e6033ea75479391a4bce3918fc119cad31e1cb30
  subpackages:
  - middleware
- name: golang.org/x/net
  version: f315505cf3349909cdf013ea56690da34e96a451
  subpackages:
  - publicsuffix
testImports: []
