hash: 1dff8302fda9f98e1cc5b223132578a9ea9d5dcb22bf1026c30d0cd2d66b4fa4
updated: 2017-03-28T12:11:06.4731295-05:00
imports:
- name: github.com/labstack/echo
  version: 8d504c1b699c757b267255c53b3e5219f9974abc
- name: github.com/labstack/gommon
  version: 9cedb429ffbe71a32a3ae7c65fd109cb7ae07804
  subpackages:
  - color
  - log
- name: github.com/mattn/go-colorable
  version: ded68f7a9561c023e790de24279db7ebf473ea80
- name: github.com/mattn/go-isatty
  version: fc9e8d8ef48496124e79ae0df75490096eccf6fe
- name: github.com/tylerb/graceful
  version: d72b0151351a13d0421b763b88f791469c4f5dc7
- name: github.com/valyala/bytebufferpool
  version: e746df99fe4a3986f4d4f79e13c1e0117ce9c2f7
- name: github.com/valyala/fasttemplate
  version: dcecefd839c4193db0d35b88ec65b4c12d360ab0
- name: golang.org/x/crypto
  version: 459e26527287adbc2adcc5d0d49abff9a5f315a7
  subpackages:
  - acme
  - acme/autocert
- name: golang.org/x/net
  version: 3b993948b6f0e651ffb58ba135d8538a68b1cddf
  subpackages:
  - context
  - context/ctxhttp
- name: golang.org/x/sys
  version: afadfcc7779c1f4db0f6f6438afcb108d9c9c7cd
  subpackages:
  - unix
testImports: []
