# This file is autogenerated, do not edit; changes may be undone by the next 'dep ensure'.


[[projects]]
  name = "github.com/go-zoo/bone"
  packages = ["."]
  revision = "fd0aebc74e908868b09ac140fb5a53cb363884c1"
  version = "1.2"

[solve-meta]
  analyzer-name = "dep"
  analyzer-version = 1
  inputs-digest = "061597e4d59342eacbc68bf33dd34dc86b791efe60df70e464d0e550466e68f1"
  solver-name = "gps-cdcl"
  solver-version = 1
